
Microsoft Visual Studio Solution File, Format Version 10.00
# Visual C# Express 2008
Project("{FAE04EC0-301F-11D3-BF4B-00C04F79EFBC}") = "FontEngineGen", "FontEngineGen.csproj", "{C6725A46-F05E-40CD-9349-961BCC8B7C71}"
EndProject
Global
	GlobalSection(SolutionConfigurationPlatforms) = preSolution
		Debug|Any CPU = Debug|Any CPU
		Release|Any CPU = Release|Any CPU
	EndGlobalSection
	GlobalSection(ProjectConfigurationPlatforms) = postSolution
		{C6725A46-F05E-40CD-9349-961BCC8B7C71}.Debug|Any CPU.ActiveCfg = Debug|Any CPU
		{C6725A46-F05E-40CD-9349-961BCC8B7C71}.Debug|Any CPU.Build.0 = Debug|Any CPU
		{C6725A46-F05E-40CD-9349-961BCC8B7C71}.Release|Any CPU.ActiveCfg = Release|Any CPU
		{C6725A46-F05E-40CD-9349-961BCC8B7C71}.Release|Any CPU.Build.0 = Release|Any CPU
	EndGlobalSection
	GlobalSection(SolutionProperties) = preSolution
		HideSolutionNode = FALSE
	EndGlobalSection
EndGlobal
